
Microsoft Visual Studio Solution File, Format Version 12.00
# Visual Studio 15
Project("{FAE04EC0-301F-11D3-BF4B-00C04F79EFBC}") = "NaughtyAttributes.Test", "NaughtyAttributes.Test.csproj", "{39D8DFEF-6080-9599-6262-75CE2BE85AB6}"
EndProject
Project("{FAE04EC0-301F-11D3-BF4B-00C04F79EFBC}") = "UnityEngine.TestRunner", "UnityEngine.TestRunner.csproj", "{CA4E019F-C3D8-7C3A-76BA-04B3BA1CA299}"
EndProject
Project("{FAE04EC0-301F-11D3-BF4B-00C04F79EFBC}") = "UnityEngine.UI", "UnityEngine.UI.csproj", "{EFC305AB-8CD6-9B9C-A079-C380B5A510EE}"
EndProject
Project("{FAE04EC0-301F-11D3-BF4B-00C04F79EFBC}") = "Unity.Timeline", "Unity.Timeline.csproj", "{7CAE061C-2F52-FC9F-335F-C1ED653054BC}"
EndProject
Project("{FAE04EC0-301F-11D3-BF4B-00C04F79EFBC}") = "Assembly-CSharp", "Assembly-CSharp.csproj", "{5E5E40F4-8C03-8A91-63A5-76DF72371AAB}"
EndProject
Project("{FAE04EC0-301F-11D3-BF4B-00C04F79EFBC}") = "Unity.TextMeshPro", "Unity.TextMeshPro.csproj", "{374C84BE-AE99-55A5-4F7A-7CA96E8DCA5E}"
EndProject
Project("{FAE04EC0-301F-11D3-BF4B-00C04F79EFBC}") = "NaughtyAttributes.Core", "NaughtyAttributes.Core.csproj", "{727F1145-424C-A3F7-CED4-8D6881040C80}"
EndProject
Project("{FAE04EC0-301F-11D3-BF4B-00C04F79EFBC}") = "Unity.Timeline.Editor", "Unity.Timeline.Editor.csproj", "{71732194-1AB0-07B4-71D5-3D07A75F8F62}"
EndProject
Project("{FAE04EC0-301F-11D3-BF4B-00C04F79EFBC}") = "UnityEditor.TestRunner", "UnityEditor.TestRunner.csproj", "{17A232A1-2C40-ED6F-80FB-4C9F884F8C19}"
EndProject
Project("{FAE04EC0-301F-11D3-BF4B-00C04F79EFBC}") = "UnityEditor.UI", "UnityEditor.UI.csproj", "{DC2B70AA-C3E9-C756-6DA9-3B538EFE91C1}"
EndProject
Project("{FAE04EC0-301F-11D3-BF4B-00C04F79EFBC}") = "Unity.VisualStudio.Editor", "Unity.VisualStudio.Editor.csproj", "{006163D8-7EFB-86E6-E692-AFD344ABC1C1}"
EndProject
Project("{FAE04EC0-301F-11D3-BF4B-00C04F79EFBC}") = "NaughtyAttributes.Editor", "NaughtyAttributes.Editor.csproj", "{B2AAC383-B279-B5B4-FC53-9217F42A46AF}"
EndProject
Project("{FAE04EC0-301F-11D3-BF4B-00C04F79EFBC}") = "Unity.TextMeshPro.Editor", "Unity.TextMeshPro.Editor.csproj", "{254C01F2-79D6-802A-850B-66ADD1D56A64}"
EndProject
Project("{FAE04EC0-301F-11D3-BF4B-00C04F79EFBC}") = "Unity.CollabProxy.Editor", "Unity.CollabProxy.Editor.csproj", "{393FAC50-2AB7-A29C-06C6-0541F75FB564}"
EndProject
Project("{FAE04EC0-301F-11D3-BF4B-00C04F79EFBC}") = "Unity.VSCode.Editor", "Unity.VSCode.Editor.csproj", "{26446D94-0152-A455-C580-3DA7BD5F6393}"
EndProject
Project("{FAE04EC0-301F-11D3-BF4B-00C04F79EFBC}") = "Unity.Rider.Editor", "Unity.Rider.Editor.csproj", "{4777696E-A9E9-3C35-8871-8305BC370CC8}"
EndProject
Project("{FAE04EC0-301F-11D3-BF4B-00C04F79EFBC}") = "Assembly-CSharp-Editor", "Assembly-CSharp-Editor.csproj", "{DC0DBDCE-A134-7A0B-6A19-BFE86A492389}"
EndProject
Project("{FAE04EC0-301F-11D3-BF4B-00C04F79EFBC}") = "NaughtyAttributes.Test", "NaughtyAttributes.Test.Player.csproj", "{6AA10141-B853-8D9B-00C9-0511581E95E6}"
EndProject
Project("{FAE04EC0-301F-11D3-BF4B-00C04F79EFBC}") = "UnityEngine.TestRunner", "UnityEngine.TestRunner.Player.csproj", "{1146E69F-63AA-4890-9C5E-B4E62849AA4A}"
EndProject
Project("{FAE04EC0-301F-11D3-BF4B-00C04F79EFBC}") = "UnityEngine.UI", "UnityEngine.UI.Player.csproj", "{44E52919-CAD8-7BC8-C1B8-DB00742E9D19}"
EndProject
Project("{FAE04EC0-301F-11D3-BF4B-00C04F79EFBC}") = "Unity.Timeline", "Unity.Timeline.Player.csproj", "{6E071A15-356F-0FDE-FB25-90681E149467}"
EndProject
Project("{FAE04EC0-301F-11D3-BF4B-00C04F79EFBC}") = "Assembly-CSharp", "Assembly-CSharp.Player.csproj", "{9782E48F-4441-813F-343A-B31FA6FD113A}"
EndProject
Project("{FAE04EC0-301F-11D3-BF4B-00C04F79EFBC}") = "Unity.TextMeshPro", "Unity.TextMeshPro.Player.csproj", "{06E9AEEA-5105-877C-6E20-E1F6644CA484}"
EndProject
Project("{FAE04EC0-301F-11D3-BF4B-00C04F79EFBC}") = "NaughtyAttributes.Core", "NaughtyAttributes.Core.Player.csproj", "{5B037F39-3198-87A4-D483-472296C4B274}"
EndProject
Project("{9A19103F-16F7-4668-BE54-9A1E7A4F7556}") = "GameServer", "..\NetWorkServer\GameServer\GameServer\GameServer.csproj", "{7ACA1581-24A7-4B55-AF9F-D003C54CA6D9}"
EndProject
Global
	GlobalSection(SolutionConfigurationPlatforms) = preSolution
		Debug|Any CPU = Debug|Any CPU
		Release|Any CPU = Release|Any CPU
	EndGlobalSection
	GlobalSection(ProjectConfigurationPlatforms) = postSolution
		{39D8DFEF-6080-9599-6262-75CE2BE85AB6}.Debug|Any CPU.ActiveCfg = Debug|Any CPU
		{39D8DFEF-6080-9599-6262-75CE2BE85AB6}.Debug|Any CPU.Build.0 = Debug|Any CPU
		{39D8DFEF-6080-9599-6262-75CE2BE85AB6}.Release|Any CPU.ActiveCfg = Release|Any CPU
		{39D8DFEF-6080-9599-6262-75CE2BE85AB6}.Release|Any CPU.Build.0 = Release|Any CPU
		{CA4E019F-C3D8-7C3A-76BA-04B3BA1CA299}.Debug|Any CPU.ActiveCfg = Debug|Any CPU
		{CA4E019F-C3D8-7C3A-76BA-04B3BA1CA299}.Debug|Any CPU.Build.0 = Debug|Any CPU
		{CA4E019F-C3D8-7C3A-76BA-04B3BA1CA299}.Release|Any CPU.ActiveCfg = Release|Any CPU
		{CA4E019F-C3D8-7C3A-76BA-04B3BA1CA299}.Release|Any CPU.Build.0 = Release|Any CPU
		{EFC305AB-8CD6-9B9C-A079-C380B5A510EE}.Debug|Any CPU.ActiveCfg = Debug|Any CPU
		{EFC305AB-8CD6-9B9C-A079-C380B5A510EE}.Debug|Any CPU.Build.0 = Debug|Any CPU
		{EFC305AB-8CD6-9B9C-A079-C380B5A510EE}.Release|Any CPU.ActiveCfg = Release|Any CPU
		{EFC305AB-8CD6-9B9C-A079-C380B5A510EE}.Release|Any CPU.Build.0 = Release|Any CPU
		{7CAE061C-2F52-FC9F-335F-C1ED653054BC}.Debug|Any CPU.ActiveCfg = Debug|Any CPU
		{7CAE061C-2F52-FC9F-335F-C1ED653054BC}.Debug|Any CPU.Build.0 = Debug|Any CPU
		{7CAE061C-2F52-FC9F-335F-C1ED653054BC}.Release|Any CPU.ActiveCfg = Release|Any CPU
		{7CAE061C-2F52-FC9F-335F-C1ED653054BC}.Release|Any CPU.Build.0 = Release|Any CPU
		{5E5E40F4-8C03-8A91-63A5-76DF72371AAB}.Debug|Any CPU.ActiveCfg = Debug|Any CPU
		{5E5E40F4-8C03-8A91-63A5-76DF72371AAB}.Debug|Any CPU.Build.0 = Debug|Any CPU
		{5E5E40F4-8C03-8A91-63A5-76DF72371AAB}.Release|Any CPU.ActiveCfg = Release|Any CPU
		{5E5E40F4-8C03-8A91-63A5-76DF72371AAB}.Release|Any CPU.Build.0 = Release|Any CPU
		{374C84BE-AE99-55A5-4F7A-7CA96E8DCA5E}.Debug|Any CPU.ActiveCfg = Debug|Any CPU
		{374C84BE-AE99-55A5-4F7A-7CA96E8DCA5E}.Debug|Any CPU.Build.0 = Debug|Any CPU
		{374C84BE-AE99-55A5-4F7A-7CA96E8DCA5E}.Release|Any CPU.ActiveCfg = Release|Any CPU
		{374C84BE-AE99-55A5-4F7A-7CA96E8DCA5E}.Release|Any CPU.Build.0 = Release|Any CPU
		{727F1145-424C-A3F7-CED4-8D6881040C80}.Debug|Any CPU.ActiveCfg = Debug|Any CPU
		{727F1145-424C-A3F7-CED4-8D6881040C80}.Debug|Any CPU.Build.0 = Debug|Any CPU
		{727F1145-424C-A3F7-CED4-8D6881040C80}.Release|Any CPU.ActiveCfg = Release|Any CPU
		{727F1145-424C-A3F7-CED4-8D6881040C80}.Release|Any CPU.Build.0 = Release|Any CPU
		{71732194-1AB0-07B4-71D5-3D07A75F8F62}.Debug|Any CPU.ActiveCfg = Debug|Any CPU
		{71732194-1AB0-07B4-71D5-3D07A75F8F62}.Debug|Any CPU.Build.0 = Debug|Any CPU
		{71732194-1AB0-07B4-71D5-3D07A75F8F62}.Release|Any CPU.ActiveCfg = Release|Any CPU
		{71732194-1AB0-07B4-71D5-3D07A75F8F62}.Release|Any CPU.Build.0 = Release|Any CPU
		{17A232A1-2C40-ED6F-80FB-4C9F884F8C19}.Debug|Any CPU.ActiveCfg = Debug|Any CPU
		{17A232A1-2C40-ED6F-80FB-4C9F884F8C19}.Debug|Any CPU.Build.0 = Debug|Any CPU
		{17A232A1-2C40-ED6F-80FB-4C9F884F8C19}.Release|Any CPU.ActiveCfg = Release|Any CPU
		{17A232A1-2C40-ED6F-80FB-4C9F884F8C19}.Release|Any CPU.Build.0 = Release|Any CPU
		{DC2B70AA-C3E9-C756-6DA9-3B538EFE91C1}.Debug|Any CPU.ActiveCfg = Debug|Any CPU
		{DC2B70AA-C3E9-C756-6DA9-3B538EFE91C1}.Debug|Any CPU.Build.0 = Debug|Any CPU
		{DC2B70AA-C3E9-C756-6DA9-3B538EFE91C1}.Release|Any CPU.ActiveCfg = Release|Any CPU
		{DC2B70AA-C3E9-C756-6DA9-3B538EFE91C1}.Release|Any CPU.Build.0 = Release|Any CPU
		{006163D8-7EFB-86E6-E692-AFD344ABC1C1}.Debug|Any CPU.ActiveCfg = Debug|Any CPU
		{006163D8-7EFB-86E6-E692-AFD344ABC1C1}.Debug|Any CPU.Build.0 = Debug|Any CPU
		{006163D8-7EFB-86E6-E692-AFD344ABC1C1}.Release|Any CPU.ActiveCfg = Release|Any CPU
		{006163D8-7EFB-86E6-E692-AFD344ABC1C1}.Release|Any CPU.Build.0 = Release|Any CPU
		{B2AAC383-B279-B5B4-FC53-9217F42A46AF}.Debug|Any CPU.ActiveCfg = Debug|Any CPU
		{B2AAC383-B279-B5B4-FC53-9217F42A46AF}.Debug|Any CPU.Build.0 = Debug|Any CPU
		{B2AAC383-B279-B5B4-FC53-9217F42A46AF}.Release|Any CPU.ActiveCfg = Release|Any CPU
		{B2AAC383-B279-B5B4-FC53-9217F42A46AF}.Release|Any CPU.Build.0 = Release|Any CPU
		{254C01F2-79D6-802A-850B-66ADD1D56A64}.Debug|Any CPU.ActiveCfg = Debug|Any CPU
		{254C01F2-79D6-802A-850B-66ADD1D56A64}.Debug|Any CPU.Build.0 = Debug|Any CPU
		{254C01F2-79D6-802A-850B-66ADD1D56A64}.Release|Any CPU.ActiveCfg = Release|Any CPU
		{254C01F2-79D6-802A-850B-66ADD1D56A64}.Release|Any CPU.Build.0 = Release|Any CPU
		{393FAC50-2AB7-A29C-06C6-0541F75FB564}.Debug|Any CPU.ActiveCfg = Debug|Any CPU
		{393FAC50-2AB7-A29C-06C6-0541F75FB564}.Debug|Any CPU.Build.0 = Debug|Any CPU
		{393FAC50-2AB7-A29C-06C6-0541F75FB564}.Release|Any CPU.ActiveCfg = Release|Any CPU
		{393FAC50-2AB7-A29C-06C6-0541F75FB564}.Release|Any CPU.Build.0 = Release|Any CPU
		{26446D94-0152-A455-C580-3DA7BD5F6393}.Debug|Any CPU.ActiveCfg = Debug|Any CPU
		{26446D94-0152-A455-C580-3DA7BD5F6393}.Debug|Any CPU.Build.0 = Debug|Any CPU
		{26446D94-0152-A455-C580-3DA7BD5F6393}.Release|Any CPU.ActiveCfg = Release|Any CPU
		{26446D94-0152-A455-C580-3DA7BD5F6393}.Release|Any CPU.Build.0 = Release|Any CPU
		{4777696E-A9E9-3C35-8871-8305BC370CC8}.Debug|Any CPU.ActiveCfg = Debug|Any CPU
		{4777696E-A9E9-3C35-8871-8305BC370CC8}.Debug|Any CPU.Build.0 = Debug|Any CPU
		{4777696E-A9E9-3C35-8871-8305BC370CC8}.Release|Any CPU.ActiveCfg = Release|Any CPU
		{4777696E-A9E9-3C35-8871-8305BC370CC8}.Release|Any CPU.Build.0 = Release|Any CPU
		{DC0DBDCE-A134-7A0B-6A19-BFE86A492389}.Debug|Any CPU.ActiveCfg = Debug|Any CPU
		{DC0DBDCE-A134-7A0B-6A19-BFE86A492389}.Debug|Any CPU.Build.0 = Debug|Any CPU
		{DC0DBDCE-A134-7A0B-6A19-BFE86A492389}.Release|Any CPU.ActiveCfg = Release|Any CPU
		{DC0DBDCE-A134-7A0B-6A19-BFE86A492389}.Release|Any CPU.Build.0 = Release|Any CPU
		{6AA10141-B853-8D9B-00C9-0511581E95E6}.Debug|Any CPU.ActiveCfg = Debug|Any CPU
		{6AA10141-B853-8D9B-00C9-0511581E95E6}.Debug|Any CPU.Build.0 = Debug|Any CPU
		{6AA10141-B853-8D9B-00C9-0511581E95E6}.Release|Any CPU.ActiveCfg = Release|Any CPU
		{6AA10141-B853-8D9B-00C9-0511581E95E6}.Release|Any CPU.Build.0 = Release|Any CPU
		{1146E69F-63AA-4890-9C5E-B4E62849AA4A}.Debug|Any CPU.ActiveCfg = Debug|Any CPU
		{1146E69F-63AA-4890-9C5E-B4E62849AA4A}.Debug|Any CPU.Build.0 = Debug|Any CPU
		{1146E69F-63AA-4890-9C5E-B4E62849AA4A}.Release|Any CPU.ActiveCfg = Release|Any CPU
		{1146E69F-63AA-4890-9C5E-B4E62849AA4A}.Release|Any CPU.Build.0 = Release|Any CPU
		{44E52919-CAD8-7BC8-C1B8-DB00742E9D19}.Debug|Any CPU.ActiveCfg = Debug|Any CPU
		{44E52919-CAD8-7BC8-C1B8-DB00742E9D19}.Debug|Any CPU.Build.0 = Debug|Any CPU
		{44E52919-CAD8-7BC8-C1B8-DB00742E9D19}.Release|Any CPU.ActiveCfg = Release|Any CPU
		{44E52919-CAD8-7BC8-C1B8-DB00742E9D19}.Release|Any CPU.Build.0 = Release|Any CPU
		{6E071A15-356F-0FDE-FB25-90681E149467}.Debug|Any CPU.ActiveCfg = Debug|Any CPU
		{6E071A15-356F-0FDE-FB25-90681E149467}.Debug|Any CPU.Build.0 = Debug|Any CPU
		{6E071A15-356F-0FDE-FB25-90681E149467}.Release|Any CPU.ActiveCfg = Release|Any CPU
		{6E071A15-356F-0FDE-FB25-90681E149467}.Release|Any CPU.Build.0 = Release|Any CPU
		{9782E48F-4441-813F-343A-B31FA6FD113A}.Debug|Any CPU.ActiveCfg = Debug|Any CPU
		{9782E48F-4441-813F-343A-B31FA6FD113A}.Debug|Any CPU.Build.0 = Debug|Any CPU
		{9782E48F-4441-813F-343A-B31FA6FD113A}.Release|Any CPU.ActiveCfg = Release|Any CPU
		{9782E48F-4441-813F-343A-B31FA6FD113A}.Release|Any CPU.Build.0 = Release|Any CPU
		{06E9AEEA-5105-877C-6E20-E1F6644CA484}.Debug|Any CPU.ActiveCfg = Debug|Any CPU
		{06E9AEEA-5105-877C-6E20-E1F6644CA484}.Debug|Any CPU.Build.0 = Debug|Any CPU
		{06E9AEEA-5105-877C-6E20-E1F6644CA484}.Release|Any CPU.ActiveCfg = Release|Any CPU
		{06E9AEEA-5105-877C-6E20-E1F6644CA484}.Release|Any CPU.Build.0 = Release|Any CPU
		{5B037F39-3198-87A4-D483-472296C4B274}.Debug|Any CPU.ActiveCfg = Debug|Any CPU
		{5B037F39-3198-87A4-D483-472296C4B274}.Debug|Any CPU.Build.0 = Debug|Any CPU
		{5B037F39-3198-87A4-D483-472296C4B274}.Release|Any CPU.ActiveCfg = Release|Any CPU
		{5B037F39-3198-87A4-D483-472296C4B274}.Release|Any CPU.Build.0 = Release|Any CPU
		{7ACA1581-24A7-4B55-AF9F-D003C54CA6D9}.Debug|Any CPU.ActiveCfg = Debug|Any CPU
		{7ACA1581-24A7-4B55-AF9F-D003C54CA6D9}.Debug|Any CPU.Build.0 = Debug|Any CPU
		{7ACA1581-24A7-4B55-AF9F-D003C54CA6D9}.Release|Any CPU.ActiveCfg = Release|Any CPU
		{7ACA1581-24A7-4B55-AF9F-D003C54CA6D9}.Release|Any CPU.Build.0 = Release|Any CPU
	EndGlobalSection
	GlobalSection(SolutionProperties) = preSolution
		HideSolutionNode = FALSE
	EndGlobalSection
EndGlobal
